
Microsoft Visual Studio Solution File, Format Version 12.00
# Visual Studio 14
VisualStudioVersion = 14.0.25123.0
MinimumVisualStudioVersion = 10.0.40219.1
Project("{FAE04EC0-301F-11D3-BF4B-00C04F79EFBC}") = "UI_Versandhaus", "UI_Versandhaus\UI_Versandhaus.csproj", "{20907C82-BB96-436F-BA00-CB3141ADE3AE}"
EndProject
Project("{FAE04EC0-301F-11D3-BF4B-00C04F79EFBC}") = "BL_Versandhaus", "BL_Versandhaus\BL_Versandhaus.csproj", "{01EE3660-5248-4D53-9FD9-27ABBA0053F5}"
EndProject
Global
	GlobalSection(SolutionConfigurationPlatforms) = preSolution
		Debug|Any CPU = Debug|Any CPU
		Release|Any CPU = Release|Any CPU
	EndGlobalSection
	GlobalSection(ProjectConfigurationPlatforms) = postSolution
		{20907C82-BB96-436F-BA00-CB3141ADE3AE}.Debug|Any CPU.ActiveCfg = Debug|Any CPU
		{20907C82-BB96-436F-BA00-CB3141ADE3AE}.Debug|Any CPU.Build.0 = Debug|Any CPU
		{20907C82-BB96-436F-BA00-CB3141ADE3AE}.Release|Any CPU.ActiveCfg = Release|Any CPU
		{20907C82-BB96-436F-BA00-CB3141ADE3AE}.Release|Any CPU.Build.0 = Release|Any CPU
		{01EE3660-5248-4D53-9FD9-27ABBA0053F5}.Debug|Any CPU.ActiveCfg = Debug|Any CPU
		{01EE3660-5248-4D53-9FD9-27ABBA0053F5}.Debug|Any CPU.Build.0 = Debug|Any CPU
		{01EE3660-5248-4D53-9FD9-27ABBA0053F5}.Release|Any CPU.ActiveCfg = Release|Any CPU
		{01EE3660-5248-4D53-9FD9-27ABBA0053F5}.Release|Any CPU.Build.0 = Release|Any CPU
	EndGlobalSection
	GlobalSection(SolutionProperties) = preSolution
		HideSolutionNode = FALSE
	EndGlobalSection
EndGlobal
